
Microsoft Visual Studio Solution File, Format Version 12.00
# Visual Studio Version 17
VisualStudioVersion = 17.0.31919.166
MinimumVisualStudioVersion = 10.0.40219.1
Project("{8BC9CEB8-8B4A-11D0-8D11-00A0C91BC942}") = "LLCheckBag", "LLCheckBag\LLCheckBag.vcxproj", "{3FD555D3-7281-4C99-9722-B2609738F912}"
EndProject
Global
	GlobalSection(SolutionConfigurationPlatforms) = preSolution
		development|x64 = development|x64
		Release|x64 = Release|x64
	EndGlobalSection
	GlobalSection(ProjectConfigurationPlatforms) = postSolution
		{3FD555D3-7281-4C99-9722-B2609738F912}.development|x64.ActiveCfg = development|x64
		{3FD555D3-7281-4C99-9722-B2609738F912}.development|x64.Build.0 = development|x64
		{3FD555D3-7281-4C99-9722-B2609738F912}.Release|x64.ActiveCfg = Release|x64
		{3FD555D3-7281-4C99-9722-B2609738F912}.Release|x64.Build.0 = Release|x64
	EndGlobalSection
	GlobalSection(SolutionProperties) = preSolution
		HideSolutionNode = FALSE
	EndGlobalSection
	GlobalSection(ExtensibilityGlobals) = postSolution
		SolutionGuid = {079FF99D-D7CC-4594-B90B-EEA04C4A9447}
	EndGlobalSection
EndGlobal
